<?xml version="1.0" encoding="utf-8"?>
<Project ToolsVersion="4.0" xmlns="http://schemas.microsoft.com/developer/msbuild/2003">
  <ItemGroup>
    <Filter Include="源文件">
      <UniqueIdentifier>{4FC737F1-C7A5-4376-A066-2A32D752A2FF}</UniqueIdentifier>
      <Extensions>cpp;c;cc;cxx;c++;cppm;ixx;def;odl;idl;hpj;bat;asm;asmx</Extensions>
    </Filter>
    <Filter Include="头文件">
      <UniqueIdentifier>{93995380-89BD-4b04-88EB-625FBE52EBFB}</UniqueIdentifier>
      <Extensions>h;hh;hpp;hxx;h++;hm;inl;inc;ipp;xsd</Extensions>
    </Filter>
    <Filter Include="资源文件">
      <UniqueIdentifier>{67DA6AB6-F800-4c08-8B7A-83BB121AAD01}</UniqueIdentifier>
      <Extensions>rc;ico;cur;bmp;dlg;rc2;rct;bin;rgs;gif;jpg;jpeg;jpe;resx;tiff;tif;png;wav;mfcribbon-ms</Extensions>
    </Filter>
    <Filter Include="window/WP">
      <UniqueIdentifier>{ae3d9ff7-5531-4476-a84c-cb52d330792b}</UniqueIdentifier>
    </Filter>
    <Filter Include="command">
      <UniqueIdentifier>{86a75253-2e3f-4f94-9f30-d94cf3ccfccf}</UniqueIdentifier>
    </Filter>
  </ItemGroup>
  <ItemGroup>
    <ClCompile Include="main.cpp">
      <Filter>源文件</Filter>
    </ClCompile>
    <ClCompile Include="windowPages.ixx">
      <Filter>源文件</Filter>
    </ClCompile>
    <ClCompile Include="window-Gdi.cpp">
      <Filter>源文件</Filter>
    </ClCompile>
    <ClCompile Include="window-buttonStyleTurnOn.cpp">
      <Filter>源文件</Filter>
    </ClCompile>
    <ClCompile Include="windowAdjuster.ixx">
      <Filter>源文件</Filter>
    </ClCompile>
    <ClCompile Include="window.ixx">
      <Filter>源文件</Filter>
    </ClCompile>
    <ClCompile Include="window-Page.cpp">
      <Filter>源文件</Filter>
    </ClCompile>
    <ClCompile Include="windowPages-ini.cpp">
      <Filter>源文件</Filter>
    </ClCompile>
    <ClCompile Include="..\documentation\website.ixx">
      <Filter>源文件</Filter>
    </ClCompile>
    <ClCompile Include="id.ixx">
      <Filter>源文件</Filter>
    </ClCompile>
    <ClCompile Include="Page-password.ixx">
      <Filter>window/WP</Filter>
    </ClCompile>
    <ClCompile Include="passwordWPFun.ixx">
      <Filter>window/WP</Filter>
    </ClCompile>
    <ClCompile Include="passwordWPFun.cpp">
      <Filter>window/WP</Filter>
    </ClCompile>
    <ClCompile Include="listModifySubclass.cpp">
      <Filter>window/WP</Filter>
    </ClCompile>
    <ClCompile Include="listModifyWPFun.cpp">
      <Filter>window/WP</Filter>
    </ClCompile>
    <ClCompile Include="passwordSubclass.ixx">
      <Filter>window/WP</Filter>
    </ClCompile>
    <ClCompile Include="listModifySubclass.ixx">
      <Filter>window/WP</Filter>
    </ClCompile>
    <ClCompile Include="listModifyWPFun.ixx">
      <Filter>window/WP</Filter>
    </ClCompile>
    <ClCompile Include="margin.ixx">
      <Filter>源文件</Filter>
    </ClCompile>
    <ClCompile Include="command.ixx">
      <Filter>command</Filter>
    </ClCompile>
    <ClCompile Include="commandEdit.cpp">
      <Filter>command</Filter>
    </ClCompile>
    <ClCompile Include="passwordSubclass.cpp">
      <Filter>window/WP</Filter>
    </ClCompile>
    <ClCompile Include="Match.ixx">
      <Filter>源文件</Filter>
    </ClCompile>
    <ClCompile Include="rgb.ixx">
      <Filter>源文件</Filter>
    </ClCompile>
    <ClCompile Include="commandButton.cpp">
      <Filter>command</Filter>
    </ClCompile>
    <ClCompile Include="..\documentation\glob.ixx">
      <Filter>源文件</Filter>
    </ClCompile>
    <ClCompile Include="commandToggle.cpp">
      <Filter>command</Filter>
    </ClCompile>
    <ClCompile Include="commandStatic.cpp">
      <Filter>command</Filter>
    </ClCompile>
    <ClCompile Include="Page-listModify.ixx">
      <Filter>window/WP</Filter>
    </ClCompile>
    <ClCompile Include="settingPageWPFun.cpp">
      <Filter>window/WP</Filter>
    </ClCompile>
    <ClCompile Include="Page-randomChoose.ixx">
      <Filter>window/WP</Filter>
    </ClCompile>
    <ClCompile Include="windowRestart.ixx">
      <Filter>源文件</Filter>
    </ClCompile>
    <ClCompile Include="settingWPFun.ixx">
      <Filter>window/WP</Filter>
    </ClCompile>
    <ClCompile Include="settingWPFun.cpp">
      <Filter>window/WP</Filter>
    </ClCompile>
    <ClCompile Include="glob.cpp">
      <Filter>源文件</Filter>
    </ClCompile>
    <ClCompile Include="chooseWPFun.cpp">
      <Filter>window/WP</Filter>
    </ClCompile>
    <ClCompile Include="chooseWPFun.ixx">
      <Filter>window/WP</Filter>
    </ClCompile>
    <ClCompile Include="window-choosePage.cpp">
      <Filter>源文件</Filter>
    </ClCompile>
    <ClCompile Include="transparency.cpp">
      <Filter>源文件</Filter>
    </ClCompile>
    <ClCompile Include="transparency.ixx">
      <Filter>源文件</Filter>
    </ClCompile>
    <ClCompile Include="window-Style.cpp">
      <Filter>源文件</Filter>
    </ClCompile>
    <ClCompile Include="Page-editList.ixx">
      <Filter>window/WP</Filter>
    </ClCompile>
    <ClCompile Include="editListWPFun.cpp">
      <Filter>window/WP</Filter>
    </ClCompile>
    <ClCompile Include="editListWPFun.ixx">
      <Filter>window/WP</Filter>
    </ClCompile>
  </ItemGroup>
  <ItemGroup>
    <ClInclude Include="resource.h">
      <Filter>头文件</Filter>
    </ClInclude>
  </ItemGroup>
  <ItemGroup>
    <ResourceCompile Include="randomChoser.rc">
      <Filter>资源文件</Filter>
    </ResourceCompile>
  </ItemGroup>
  <ItemGroup>
    <Image Include="粉蓝阴影小繁点.png">
      <Filter>资源文件</Filter>
    </Image>
    <Image Include="粉蓝阴影小繁点.ico">
      <Filter>资源文件</Filter>
    </Image>
  </ItemGroup>
  <ItemGroup>
    <Manifest Include="app.manifest">
      <Filter>资源文件</Filter>
    </Manifest>
  </ItemGroup>
</Project>