<?xml version="1.0" encoding="utf-8"?>
<Project ToolsVersion="4.0" xmlns="http://schemas.microsoft.com/developer/msbuild/2003">
  <ItemGroup>
    <Filter Include="源文件">
      <UniqueIdentifier>{4FC737F1-C7A5-4376-A066-2A32D752A2FF}</UniqueIdentifier>
      <Extensions>cpp;c;cc;cxx;c++;cppm;ixx;def;odl;idl;hpj;bat;asm;asmx</Extensions>
    </Filter>
    <Filter Include="头文件">
      <UniqueIdentifier>{93995380-89BD-4b04-88EB-625FBE52EBFB}</UniqueIdentifier>
      <Extensions>h;hh;hpp;hxx;h++;hm;inl;inc;ipp;xsd</Extensions>
    </Filter>
    <Filter Include="资源文件">
      <UniqueIdentifier>{67DA6AB6-F800-4c08-8B7A-83BB121AAD01}</UniqueIdentifier>
      <Extensions>rc;ico;cur;bmp;dlg;rc2;rct;bin;rgs;gif;jpg;jpeg;jpe;resx;tiff;tif;png;wav;mfcribbon-ms</Extensions>
    </Filter>
    <Filter Include="window/WP">
      <UniqueIdentifier>{ae3d9ff7-5531-4476-a84c-cb52d330792b}</UniqueIdentifier>
    </Filter>
  </ItemGroup>
  <ItemGroup>
    <ClCompile Include="main.cpp">
      <Filter>源文件</Filter>
    </ClCompile>
    <ClCompile Include="windowPages.ixx">
      <Filter>源文件</Filter>
    </ClCompile>
    <ClCompile Include="window-Style.cpp">
      <Filter>源文件</Filter>
    </ClCompile>
    <ClCompile Include="window-settingPage.cpp">
      <Filter>源文件</Filter>
    </ClCompile>
    <ClCompile Include="window-choosePage.cpp">
      <Filter>源文件</Filter>
    </ClCompile>
    <ClCompile Include="window-Gdi.cpp">
      <Filter>源文件</Filter>
    </ClCompile>
    <ClCompile Include="window-buttonStyleTurnOn.cpp">
      <Filter>源文件</Filter>
    </ClCompile>
    <ClCompile Include="windowAdjuster.ixx">
      <Filter>源文件</Filter>
    </ClCompile>
    <ClCompile Include="window.ixx">
      <Filter>源文件</Filter>
    </ClCompile>
    <ClCompile Include="window-Page.cpp">
      <Filter>源文件</Filter>
    </ClCompile>
    <ClCompile Include="Page-listModify.ixx">
      <Filter>源文件</Filter>
    </ClCompile>
    <ClCompile Include="windowPages-ini.cpp">
      <Filter>源文件</Filter>
    </ClCompile>
    <ClCompile Include="listModifyWPFun.ixx">
      <Filter>源文件</Filter>
    </ClCompile>
    <ClCompile Include="listModifyWPFun.cpp">
      <Filter>源文件</Filter>
    </ClCompile>
    <ClCompile Include="..\documentation\website.ixx">
      <Filter>源文件</Filter>
    </ClCompile>
    <ClCompile Include="subclass.ixx">
      <Filter>源文件</Filter>
    </ClCompile>
    <ClCompile Include="subclass-listModify.cpp">
      <Filter>源文件</Filter>
    </ClCompile>
    <ClCompile Include="id.ixx">
      <Filter>源文件</Filter>
    </ClCompile>
    <ClCompile Include="password.ixx">
      <Filter>window/WP</Filter>
    </ClCompile>
    <ClCompile Include="passwordWPFun.ixx">
      <Filter>window/WP</Filter>
    </ClCompile>
  </ItemGroup>
  <ItemGroup>
    <ClInclude Include="resource.h">
      <Filter>头文件</Filter>
    </ClInclude>
  </ItemGroup>
  <ItemGroup>
    <ResourceCompile Include="randomChoser.rc">
      <Filter>资源文件</Filter>
    </ResourceCompile>
  </ItemGroup>
  <ItemGroup>
    <Image Include="粉蓝阴影小繁点.png">
      <Filter>资源文件</Filter>
    </Image>
    <Image Include="粉蓝阴影小繁点.ico">
      <Filter>资源文件</Filter>
    </Image>
  </ItemGroup>
  <ItemGroup>
    <Manifest Include="app.manifest">
      <Filter>资源文件</Filter>
    </Manifest>
  </ItemGroup>
</Project>